
Microsoft Visual Studio Solution File, Format Version 12.00
# Visual Studio Version 17
VisualStudioVersion = 17.8.34330.188
MinimumVisualStudioVersion = 10.0.40219.1
Project("{FAE04EC0-301F-11D3-BF4B-00C04F79EFBC}") = "WTaskLogin", "WTaskLogin\WTaskLogin.csproj", "{77FE8B8E-259A-46CA-A1A8-13FB9E08B664}"
EndProject
Global
	GlobalSection(SolutionConfigurationPlatforms) = preSolution
		Debug|Any CPU = Debug|Any CPU
		Release|Any CPU = Release|Any CPU
	EndGlobalSection
	GlobalSection(ProjectConfigurationPlatforms) = postSolution
		{77FE8B8E-259A-46CA-A1A8-13FB9E08B664}.Debug|Any CPU.ActiveCfg = Debug|Any CPU
		{77FE8B8E-259A-46CA-A1A8-13FB9E08B664}.Debug|Any CPU.Build.0 = Debug|Any CPU
		{77FE8B8E-259A-46CA-A1A8-13FB9E08B664}.Release|Any CPU.ActiveCfg = Release|Any CPU
		{77FE8B8E-259A-46CA-A1A8-13FB9E08B664}.Release|Any CPU.Build.0 = Release|Any CPU
	EndGlobalSection
	GlobalSection(SolutionProperties) = preSolution
		HideSolutionNode = FALSE
	EndGlobalSection
	GlobalSection(ExtensibilityGlobals) = postSolution
		SolutionGuid = {5FC247B9-EFEE-47FD-A7C6-5C1A931D09DA}
	EndGlobalSection
EndGlobal
